
Microsoft Visual Studio Solution File, Format Version 12.00
# Visual Studio Version 17
VisualStudioVersion = 17.0.31903.59
MinimumVisualStudioVersion = 10.0.40219.1
Project("{FAE04EC0-301F-11D3-BF4B-00C04F79EFBC}") = "PripremaZaIspitZnanja6", "PripremaZaIspitZnanja6.csproj", "{D8D479FF-AF83-461C-9032-272066280FDE}"
EndProject
Global
	GlobalSection(SolutionConfigurationPlatforms) = preSolution
		Debug|Any CPU = Debug|Any CPU
		Release|Any CPU = Release|Any CPU
	EndGlobalSection
	GlobalSection(ProjectConfigurationPlatforms) = postSolution
		{D8D479FF-AF83-461C-9032-272066280FDE}.Debug|Any CPU.ActiveCfg = Debug|Any CPU
		{D8D479FF-AF83-461C-9032-272066280FDE}.Debug|Any CPU.Build.0 = Debug|Any CPU
		{D8D479FF-AF83-461C-9032-272066280FDE}.Release|Any CPU.ActiveCfg = Release|Any CPU
		{D8D479FF-AF83-461C-9032-272066280FDE}.Release|Any CPU.Build.0 = Release|Any CPU
	EndGlobalSection
	GlobalSection(SolutionProperties) = preSolution
		HideSolutionNode = FALSE
	EndGlobalSection
	GlobalSection(ExtensibilityGlobals) = postSolution
		SolutionGuid = {2B471CC4-8801-4A29-9C3C-1643C5C740DE}
	EndGlobalSection
EndGlobal
