
Microsoft Visual Studio Solution File, Format Version 12.00
# Visual Studio Version 17
VisualStudioVersion = 17.0.31903.59
MinimumVisualStudioVersion = 10.0.40219.1
Project("{FAE04EC0-301F-11D3-BF4B-00C04F79EFBC}") = "PripremaZaIspitZnanja7", "PripremaZaIspitZnanja7.csproj", "{7672CA30-3C20-417E-BE08-7533A1F08492}"
EndProject
Global
	GlobalSection(SolutionConfigurationPlatforms) = preSolution
		Debug|Any CPU = Debug|Any CPU
		Release|Any CPU = Release|Any CPU
	EndGlobalSection
	GlobalSection(ProjectConfigurationPlatforms) = postSolution
		{7672CA30-3C20-417E-BE08-7533A1F08492}.Debug|Any CPU.ActiveCfg = Debug|Any CPU
		{7672CA30-3C20-417E-BE08-7533A1F08492}.Debug|Any CPU.Build.0 = Debug|Any CPU
		{7672CA30-3C20-417E-BE08-7533A1F08492}.Release|Any CPU.ActiveCfg = Release|Any CPU
		{7672CA30-3C20-417E-BE08-7533A1F08492}.Release|Any CPU.Build.0 = Release|Any CPU
	EndGlobalSection
	GlobalSection(SolutionProperties) = preSolution
		HideSolutionNode = FALSE
	EndGlobalSection
	GlobalSection(ExtensibilityGlobals) = postSolution
		SolutionGuid = {CB0EC699-62D4-46FF-B318-AB99EBA89986}
	EndGlobalSection
EndGlobal
